
Microsoft Visual Studio Solution File, Format Version 12.00
# Visual Studio Version 16
VisualStudioVersion = 16.0.31911.196
MinimumVisualStudioVersion = 10.0.40219.1
Project("{8BC9CEB8-8B4A-11D0-8D11-00A0C91BC942}") = "BOJ_2480", "BOJ_2480\BOJ_2480.vcxproj", "{C0C63114-884C-4D96-9079-5DD5D6E730D8}"
EndProject
Global
	GlobalSection(SolutionConfigurationPlatforms) = preSolution
		Debug|x64 = Debug|x64
		Release|x64 = Release|x64
	EndGlobalSection
	GlobalSection(ProjectConfigurationPlatforms) = postSolution
		{C0C63114-884C-4D96-9079-5DD5D6E730D8}.Debug|x64.ActiveCfg = Debug|x64
		{C0C63114-884C-4D96-9079-5DD5D6E730D8}.Debug|x64.Build.0 = Debug|x64
		{C0C63114-884C-4D96-9079-5DD5D6E730D8}.Release|x64.ActiveCfg = Release|x64
		{C0C63114-884C-4D96-9079-5DD5D6E730D8}.Release|x64.Build.0 = Release|x64
	EndGlobalSection
	GlobalSection(SolutionProperties) = preSolution
		HideSolutionNode = FALSE
	EndGlobalSection
	GlobalSection(ExtensibilityGlobals) = postSolution
		SolutionGuid = {E602156E-87D1-413F-8C62-BEDE480D750E}
	EndGlobalSection
EndGlobal
